{
  "name": "string-cook",
  "version": "1.0.0",
  "lockfileVersion": 3,
  "requires": true,
  "packages": {
    "": {
      "name": "string-cook",
      "version": "1.0.0",
      "license": "MIT",
      "dependencies": {
        "unraw": "^2.0.1"
      }
    },
    "node_modules/unraw": {
      "version": "2.0.1",
      "resolved": "https://registry.npmjs.org/unraw/-/unraw-2.0.1.tgz",
      "integrity": "sha512-tdOvLfRzHolwYcHS6HIX860MkK9LQ4+oLuNwFYL7bpgTEO64PZrcQxkisgwJYCfF8sKiWLwwu1c83DvMkbefIQ=="
    }
  }
}
